
Microsoft Visual Studio Solution File, Format Version 12.00
# Visual Studio Version 17
VisualStudioVersion = 17.8.34511.84
MinimumVisualStudioVersion = 10.0.40219.1
Project("{FAE04EC0-301F-11D3-BF4B-00C04F79EFBC}") = "BT_KiemTraSoNguyenTo", "BT_KiemTraSoNguyenTo\BT_KiemTraSoNguyenTo.csproj", "{1D12D6F4-9B2B-4E85-841A-D423F7F0C348}"
EndProject
Global
	GlobalSection(SolutionConfigurationPlatforms) = preSolution
		Debug|Any CPU = Debug|Any CPU
		Release|Any CPU = Release|Any CPU
	EndGlobalSection
	GlobalSection(ProjectConfigurationPlatforms) = postSolution
		{1D12D6F4-9B2B-4E85-841A-D423F7F0C348}.Debug|Any CPU.ActiveCfg = Debug|Any CPU
		{1D12D6F4-9B2B-4E85-841A-D423F7F0C348}.Debug|Any CPU.Build.0 = Debug|Any CPU
		{1D12D6F4-9B2B-4E85-841A-D423F7F0C348}.Release|Any CPU.ActiveCfg = Release|Any CPU
		{1D12D6F4-9B2B-4E85-841A-D423F7F0C348}.Release|Any CPU.Build.0 = Release|Any CPU
	EndGlobalSection
	GlobalSection(SolutionProperties) = preSolution
		HideSolutionNode = FALSE
	EndGlobalSection
	GlobalSection(ExtensibilityGlobals) = postSolution
		SolutionGuid = {5FE53D5A-2D1C-4589-9F09-B0DBB5399345}
	EndGlobalSection
EndGlobal
